
Microsoft Visual Studio Solution File, Format Version 12.00
# Visual Studio Version 17
VisualStudioVersion = 17.14.36310.24 d17.14
MinimumVisualStudioVersion = 10.0.40219.1
Project("{FAE04EC0-301F-11D3-BF4B-00C04F79EFBC}") = "screenshareav", "screenshareav.csproj", "{E03D593E-26F6-4EE5-B39E-2052E83A77F9}"
EndProject
Global
	GlobalSection(SolutionConfigurationPlatforms) = preSolution
		Debug|Any CPU = Debug|Any CPU
		Release|Any CPU = Release|Any CPU
	EndGlobalSection
	GlobalSection(ProjectConfigurationPlatforms) = postSolution
		{E03D593E-26F6-4EE5-B39E-2052E83A77F9}.Debug|Any CPU.ActiveCfg = Debug|Any CPU
		{E03D593E-26F6-4EE5-B39E-2052E83A77F9}.Debug|Any CPU.Build.0 = Debug|Any CPU
		{E03D593E-26F6-4EE5-B39E-2052E83A77F9}.Release|Any CPU.ActiveCfg = Release|Any CPU
		{E03D593E-26F6-4EE5-B39E-2052E83A77F9}.Release|Any CPU.Build.0 = Release|Any CPU
	EndGlobalSection
	GlobalSection(SolutionProperties) = preSolution
		HideSolutionNode = FALSE
	EndGlobalSection
	GlobalSection(ExtensibilityGlobals) = postSolution
		SolutionGuid = {634015B2-4DA3-4A11-B73F-83A8CE5F67FC}
	EndGlobalSection
EndGlobal
